# THIS IS AN AUTOGENERATED FILE. DO NOT EDIT THIS FILE DIRECTLY.
# yarn lockfile v1


"@actions/core@^1.9.0":
  "integrity" "sha512-5pbM693Ih59ZdUhgk+fts+bUWTnIdHV3kwOSr+QIoFHMLg7Gzhwm0cifDY/AG68ekEJAkHnQVpcy4f6GjmzBCA=="
  "resolved" "https://registry.npmjs.org/@actions/core/-/core-1.9.0.tgz"
  "version" "1.9.0"
  dependencies:
    "@actions/http-client" "^2.0.1"

"@actions/exec@^1.1.1":
  "integrity" "sha512-+sCcHHbVdk93a0XT19ECtO/gIXoxvdsgQLzb2fE2/5sIZmWQuluYyjPQtrtTHdU1YzTZ7bAPN4sITq2xi1679w=="
  "resolved" "https://registry.npmjs.org/@actions/exec/-/exec-1.1.1.tgz"
  "version" "1.1.1"
  dependencies:
    "@actions/io" "^1.0.1"

"@actions/http-client@^2.0.1":
  "integrity" "sha512-PIXiMVtz6VvyaRsGY268qvj57hXQEpsYogYOu2nrQhlf+XCGmZstmuZBbAybUl1nQGnvS1k1eEsQ69ZoD7xlSw=="
  "resolved" "https://registry.npmjs.org/@actions/http-client/-/http-client-2.0.1.tgz"
  "version" "2.0.1"
  dependencies:
    "tunnel" "^0.0.6"

"@actions/io@^1.0.1":
  "integrity" "sha512-J8KuFqVPr3p6U8W93DOXlXW6zFvrQAJANdS+vw0YhusLIq+bszW8zmK2Fh1C2kDPX8FMvwIl1OUcFgvJoXLbAg=="
  "resolved" "https://registry.npmjs.org/@actions/io/-/io-1.0.2.tgz"
  "version" "1.0.2"

"esbuild-darwin-64@0.14.51":
  "integrity" "sha512-YFmXPIOvuagDcwCejMRtCDjgPfnDu+bNeh5FU2Ryi68ADDVlWEpbtpAbrtf/lvFTWPexbgyKgzppNgsmLPr8PA=="
  "resolved" "https://registry.npmjs.org/esbuild-darwin-64/-/esbuild-darwin-64-0.14.51.tgz"
  "version" "0.14.51"

"esbuild@^0.14.51":
  "integrity" "sha512-+CvnDitD7Q5sT7F+FM65sWkF8wJRf+j9fPcprxYV4j+ohmzVj2W7caUqH2s5kCaCJAfcAICjSlKhDCcvDpU7nw=="
  "resolved" "https://registry.npmjs.org/esbuild/-/esbuild-0.14.51.tgz"
  "version" "0.14.51"
  optionalDependencies:
    "esbuild-android-64" "0.14.51"
    "esbuild-android-arm64" "0.14.51"
    "esbuild-darwin-64" "0.14.51"
    "esbuild-darwin-arm64" "0.14.51"
    "esbuild-freebsd-64" "0.14.51"
    "esbuild-freebsd-arm64" "0.14.51"
    "esbuild-linux-32" "0.14.51"
    "esbuild-linux-64" "0.14.51"
    "esbuild-linux-arm" "0.14.51"
    "esbuild-linux-arm64" "0.14.51"
    "esbuild-linux-mips64le" "0.14.51"
    "esbuild-linux-ppc64le" "0.14.51"
    "esbuild-linux-riscv64" "0.14.51"
    "esbuild-linux-s390x" "0.14.51"
    "esbuild-netbsd-64" "0.14.51"
    "esbuild-openbsd-64" "0.14.51"
    "esbuild-sunos-64" "0.14.51"
    "esbuild-windows-32" "0.14.51"
    "esbuild-windows-64" "0.14.51"
    "esbuild-windows-arm64" "0.14.51"

"tunnel@^0.0.6":
  "integrity" "sha512-1h/Lnq9yajKY2PEbBadPXj3VxsDDu844OnaAo52UVmIzIvwwtBPIuNvkjuzBlTWpfJyUbG3ez0KSBibQkj4ojg=="
  "resolved" "https://registry.npmjs.org/tunnel/-/tunnel-0.0.6.tgz"
  "version" "0.0.6"
